{
    "_meta": {
        "hash": {
            "sha256": "7e4c829f6f3b403bc5fa9f1ff106a99f707f697d8f32b73b5198c190ac11dc1f"
        },
        "pipfile-spec": 6,
        "requires": {
            "python_version": "3.7"
        },
        "sources": [
            {
                "name": "pypi",
                "url": "https://pypi.org/simple",
                "verify_ssl": true
            }
        ]
    },
    "default": {},
    "develop": {
        "nameduser": {
            "file": "https://github.com/pyinstaller/pyinstaller/archive/develop.zip"
        }
    }
}
